
Microsoft Visual Studio Solution File, Format Version 12.00
# Visual Studio Version 17
VisualStudioVersion = 17.3.32825.248
MinimumVisualStudioVersion = 10.0.40219.1
Project("{FAE04EC0-301F-11D3-BF4B-00C04F79EFBC}") = "ConsoleApp4", "ConsoleApp4\ConsoleApp4.csproj", "{08FC52E8-5680-4B0C-B7E5-25C199FB38C6}"
EndProject
Global
	GlobalSection(SolutionConfigurationPlatforms) = preSolution
		Debug|Any CPU = Debug|Any CPU
		Release|Any CPU = Release|Any CPU
	EndGlobalSection
	GlobalSection(ProjectConfigurationPlatforms) = postSolution
		{08FC52E8-5680-4B0C-B7E5-25C199FB38C6}.Debug|Any CPU.ActiveCfg = Debug|Any CPU
		{08FC52E8-5680-4B0C-B7E5-25C199FB38C6}.Debug|Any CPU.Build.0 = Debug|Any CPU
		{08FC52E8-5680-4B0C-B7E5-25C199FB38C6}.Release|Any CPU.ActiveCfg = Release|Any CPU
		{08FC52E8-5680-4B0C-B7E5-25C199FB38C6}.Release|Any CPU.Build.0 = Release|Any CPU
	EndGlobalSection
	GlobalSection(SolutionProperties) = preSolution
		HideSolutionNode = FALSE
	EndGlobalSection
	GlobalSection(ExtensibilityGlobals) = postSolution
		SolutionGuid = {7BFB76C4-223B-438B-8773-DF41EAADC2D7}
	EndGlobalSection
EndGlobal
